PODS:
  - ar_rtm (1.0.1):
    - ARtmKit_iOS (= 1.0.1.6)
    - Flutter
  - ARtmKit_iOS (1.0.1.6)
  - Flutter (1.0.0)

DEPENDENCIES:
  - ar_rtm (from `.symlinks/plugins/ar_rtm/ios`)
  - Flutter (from `Flutter`)

SPEC REPOS:
  trunk:
    - ARtmKit_iOS

EXTERNAL SOURCES:
  ar_rtm:
    :path: ".symlinks/plugins/ar_rtm/ios"
  Flutter:
    :path: Flutter

SPEC CHECKSUMS:
  ar_rtm: 819e453d69ded1bff9dd5728d1da87453950766a
  ARtmKit_iOS: 44903052586e71ac0083386bd4ebdfd0340008b8
  Flutter: 0e3d915762c693b495b44d77113d4970485de6ec

PODFILE CHECKSUM: 8e679eca47255a8ca8067c4c67aab20e64cb974d

COCOAPODS: 1.9.3
